{
  "name": "renovate-update-bug",
  "version": "1.0.0",
  "lockfileVersion": 3,
  "requires": true,
  "packages": {
    "": {
      "name": "renovate-update-bug",
      "version": "1.0.0",
      "license": "ISC",
      "dependencies": {
        "fast-check": "^3.11.0"
      },
      "devDependencies": {
        "pure-rand": "^1.0.1"
      }
    },
    "node_modules/fast-check": {
      "version": "3.11.0",
      "resolved": "https://registry.npmjs.org/fast-check/-/fast-check-3.11.0.tgz",
      "integrity": "sha512-H2tctb7AGfFQfz+DEr3UWhJ3s47LXsGp5g3jeJr5tHjnf4xUvpArIqiwcDmL2EXiv+auLHIpF5MqaIpIKvpxiA==",
      "funding": [
        {
          "type": "individual",
          "url": "https://github.com/sponsors/dubzzz"
        },
        {
          "type": "opencollective",
          "url": "https://opencollective.com/fast-check"
        }
      ],
      "dependencies": {
        "pure-rand": "^6.0.0"
      },
      "engines": {
        "node": ">=8.0.0"
      }
    },
    "node_modules/fast-check/node_modules/pure-rand": {
      "version": "6.0.2",
      "resolved": "https://registry.npmjs.org/pure-rand/-/pure-rand-6.0.2.tgz",
      "integrity": "sha512-6Yg0ekpKICSjPswYOuC5sku/TSWaRYlA0qsXqJgM/d/4pLPHPuTxK7Nbf7jFKzAeedUhR8C7K9Uv63FBsSo8xQ==",
      "funding": [
        {
          "type": "individual",
          "url": "https://github.com/sponsors/dubzzz"
        },
        {
          "type": "opencollective",
          "url": "https://opencollective.com/fast-check"
        }
      ]
    },
    "node_modules/pure-rand": {
      "version": "1.0.1",
      "resolved": "https://registry.npmjs.org/pure-rand/-/pure-rand-1.0.1.tgz",
      "integrity": "sha512-CE2BhkLPqsA1UldfC8z/h5kKSmeNIkWAgHFSJcsrWZr1kkWUAx6YIxrBEK2Orgxpp6W8eAi7ykvbxwfoKV4NXg==",
      "dev": true
    }
  }
}
